// !$*UTF8*$!
{
	archiveVersion = 1;
	classes = {
	};
	objectVersion = 55;
	objects = {

/* Begin PBXBuildFile section */
		564C8A9B2906A5E800AB5733 /* AppDelegate.swift in Sources */ = {isa = PBXBuildFile; fileRef = 564C8A9A2906A5E800AB5733 /* AppDelegate.swift */; };
		564C8A9D2906A5E800AB5733 /* SceneDelegate.swift in Sources */ = {isa = PBXBuildFile; fileRef = 564C8A9C2906A5E800AB5733 /* SceneDelegate.swift */; };
		564C8A9F2906A5E800AB5733 /* ViewController.swift in Sources */ = {isa = PBXBuildFile; fileRef = 564C8A9E2906A5E800AB5733 /* ViewController.swift */; };
		564C8AA22906A5E800AB5733 /* Main.storyboard in Resources */ = {isa = PBXBuildFile; fileRef = 564C8AA02906A5E800AB5733 /* Main.storyboard */; };
		564C8AA42906A5E900AB5733 /* Assets.xcassets in Resources */ = {isa = PBXBuildFile; fileRef = 564C8AA32906A5E900AB5733 /* Assets.xcassets */; };
		564C8AA72906A5E900AB5733 /* LaunchScreen.storyboard in Resources */ = {isa = PBXBuildFile; fileRef = 564C8AA52906A5E900AB5733 /* LaunchScreen.storyboard */; };
		564C8AB22906A5E900AB5733 /* WorldOfPAYBACKTests.swift in Sources */ = {isa = PBXBuildFile; fileRef = 564C8AB12906A5E900AB5733 /* WorldOfPAYBACKTests.swift */; };
		564C8ABC2906A5E900AB5733 /* WorldOfPAYBACKUITests.swift in Sources */ = {isa = PBXBuildFile; fileRef = 564C8ABB2906A5E900AB5733 /* WorldOfPAYBACKUITests.swift */; };
		564C8ABE2906A5E900AB5733 /* WorldOfPAYBACKUITestsLaunchTests.swift in Sources */ = {isa = PBXBuildFile; fileRef = 564C8ABD2906A5E900AB5733 /* WorldOfPAYBACKUITestsLaunchTests.swift */; };
		564C8ACF2906A6D800AB5733 /* NetworkHelper.swift in Sources */ = {isa = PBXBuildFile; fileRef = 564C8ACE2906A6D800AB5733 /* NetworkHelper.swift */; };
		564C8AD12906A82200AB5733 /* PBTransactions.swift in Sources */ = {isa = PBXBuildFile; fileRef = 564C8AD02906A82200AB5733 /* PBTransactions.swift */; };
/* End PBXBuildFile section */

/* Begin PBXContainerItemProxy section */
		564C8AAE2906A5E900AB5733 /* PBXContainerItemProxy */ = {
			isa = PBXContainerItemProxy;
			containerPortal = 564C8A8F2906A5E800AB5733 /* Project object */;
			proxyType = 1;
			remoteGlobalIDString = 564C8A962906A5E800AB5733;
			remoteInfo = WorldOfPAYBACK;
		};
		564C8AB82906A5E900AB5733 /* PBXContainerItemProxy */ = {
			isa = PBXContainerItemProxy;
			containerPortal = 564C8A8F2906A5E800AB5733 /* Project object */;
			proxyType = 1;
			remoteGlobalIDString = 564C8A962906A5E800AB5733;
			remoteInfo = WorldOfPAYBACK;
		};
/* End PBXContainerItemProxy section */

/* Begin PBXFileReference section */
		564C8A972906A5E800AB5733 /* WorldOfPAYBACK.app */ = {isa = PBXFileReference; explicitFileType = wrapper.application; includeInIndex = 0; path = WorldOfPAYBACK.app; sourceTree = BUILT_PRODUCTS_DIR; };
		564C8A9A2906A5E800AB5733 /* AppDelegate.swift */ = {isa = PBXFileReference; lastKnownFileType = sourcecode.swift; path = AppDelegate.swift; sourceTree = "<group>"; };
		564C8A9C2906A5E800AB5733 /* SceneDelegate.swift */ = {isa = PBXFileReference; lastKnownFileType = sourcecode.swift; path = SceneDelegate.swift; sourceTree = "<group>"; };
		564C8A9E2906A5E800AB5733 /* ViewController.swift */ = {isa = PBXFileReference; lastKnownFileType = sourcecode.swift; path = ViewController.swift; sourceTree = "<group>"; };
		564C8AA12906A5E800AB5733 /* Base */ = {isa = PBXFileReference; lastKnownFileType = file.storyboard; name = Base; path = Base.lproj/Main.storyboard; sourceTree = "<group>"; };
		564C8AA32906A5E900AB5733 /* Assets.xcassets */ = {isa = PBXFileReference; lastKnownFileType = folder.assetcatalog; path = Assets.xcassets; sourceTree = "<group>"; };
		564C8AA62906A5E900AB5733 /* Base */ = {isa = PBXFileReference; lastKnownFileType = file.storyboard; name = Base; path = Base.lproj/LaunchScreen.storyboard; sourceTree = "<group>"; };
		564C8AA82906A5E900AB5733 /* Info.plist */ = {isa = PBXFileReference; lastKnownFileType = text.plist.xml; path = Info.plist; sourceTree = "<group>"; };
		564C8AAD2906A5E900AB5733 /* WorldOfPAYBACKTests.xctest */ = {isa = PBXFileReference; explicitFileType = wrapper.cfbundle; includeInIndex = 0; path = WorldOfPAYBACKTests.xctest; sourceTree = BUILT_PRODUCTS_DIR; };
		564C8AB12906A5E900AB5733 /* WorldOfPAYBACKTests.swift */ = {isa = PBXFileReference; lastKnownFileType = sourcecode.swift; path = WorldOfPAYBACKTests.swift; sourceTree = "<group>"; };
		564C8AB72906A5E900AB5733 /* WorldOfPAYBACKUITests.xctest */ = {isa = PBXFileReference; explicitFileType = wrapper.cfbundle; includeInIndex = 0; path = WorldOfPAYBACKUITests.xctest; sourceTree = BUILT_PRODUCTS_DIR; };
		564C8ABB2906A5E900AB5733 /* WorldOfPAYBACKUITests.swift */ = {isa = PBXFileReference; lastKnownFileType = sourcecode.swift; path = WorldOfPAYBACKUITests.swift; sourceTree = "<group>"; };
		564C8ABD2906A5E900AB5733 /* WorldOfPAYBACKUITestsLaunchTests.swift */ = {isa = PBXFileReference; lastKnownFileType = sourcecode.swift; path = WorldOfPAYBACKUITestsLaunchTests.swift; sourceTree = "<group>"; };
		564C8ACE2906A6D800AB5733 /* NetworkHelper.swift */ = {isa = PBXFileReference; lastKnownFileType = sourcecode.swift; path = NetworkHelper.swift; sourceTree = "<group>"; };
		564C8AD02906A82200AB5733 /* PBTransactions.swift */ = {isa = PBXFileReference; lastKnownFileType = sourcecode.swift; path = PBTransactions.swift; sourceTree = "<group>"; };
/* End PBXFileReference section */

/* Begin PBXFrameworksBuildPhase section */
		564C8A942906A5E800AB5733 /* Frameworks */ = {
			isa = PBXFrameworksBuildPhase;
			buildActionMask = 2147483647;
			files = (
			);
			runOnlyForDeploymentPostprocessing = 0;
		};
		564C8AAA2906A5E900AB5733 /* Frameworks */ = {
			isa = PBXFrameworksBuildPhase;
			buildActionMask = 2147483647;
			files = (
			);
			runOnlyForDeploymentPostprocessing = 0;
		};
		564C8AB42906A5E900AB5733 /* Frameworks */ = {
			isa = PBXFrameworksBuildPhase;
			buildActionMask = 2147483647;
			files = (
			);
			runOnlyForDeploymentPostprocessing = 0;
		};
/* End PBXFrameworksBuildPhase section */

/* Begin PBXGroup section */
		564C8A8E2906A5E800AB5733 = {
			isa = PBXGroup;
			children = (
				564C8A992906A5E800AB5733 /* WorldOfPAYBACK */,
				564C8AB02906A5E900AB5733 /* WorldOfPAYBACKTests */,
				564C8ABA2906A5E900AB5733 /* WorldOfPAYBACKUITests */,
				564C8A982906A5E800AB5733 /* Products */,
			);
			sourceTree = "<group>";
		};
		564C8A982906A5E800AB5733 /* Products */ = {
			isa = PBXGroup;
			children = (
				564C8A972906A5E800AB5733 /* WorldOfPAYBACK.app */,
				564C8AAD2906A5E900AB5733 /* WorldOfPAYBACKTests.xctest */,
				564C8AB72906A5E900AB5733 /* WorldOfPAYBACKUITests.xctest */,
			);
			name = Products;
			sourceTree = "<group>";
		};
		564C8A992906A5E800AB5733 /* WorldOfPAYBACK */ = {
			isa = PBXGroup;
			children = (
				564C8ACE2906A6D800AB5733 /* NetworkHelper.swift */,
				564C8AD02906A82200AB5733 /* PBTransactions.swift */,
				564C8ACA2906A5FC00AB5733 /* MainViewController */,
				564C8ACD2906A69500AB5733 /* SupportingFiles */,
				564C8ACB2906A61100AB5733 /* Resources */,
			);
			path = WorldOfPAYBACK;
			sourceTree = "<group>";
		};
		564C8AB02906A5E900AB5733 /* WorldOfPAYBACKTests */ = {
			isa = PBXGroup;
			children = (
				564C8AB12906A5E900AB5733 /* WorldOfPAYBACKTests.swift */,
			);
			path = WorldOfPAYBACKTests;
			sourceTree = "<group>";
		};
		564C8ABA2906A5E900AB5733 /* WorldOfPAYBACKUITests */ = {
			isa = PBXGroup;
			children = (
				564C8ABB2906A5E900AB5733 /* WorldOfPAYBACKUITests.swift */,
				564C8ABD2906A5E900AB5733 /* WorldOfPAYBACKUITestsLaunchTests.swift */,
			);
			path = WorldOfPAYBACKUITests;
			sourceTree = "<group>";
		};
		564C8ACA2906A5FC00AB5733 /* MainViewController */ = {
			isa = PBXGroup;
			children = (
				564C8AA02906A5E800AB5733 /* Main.storyboard */,
				564C8A9E2906A5E800AB5733 /* ViewController.swift */,
			);
			path = MainViewController;
			sourceTree = "<group>";
		};
		564C8ACB2906A61100AB5733 /* Resources */ = {
			isa = PBXGroup;
			children = (
				564C8AA82906A5E900AB5733 /* Info.plist */,
				564C8AA32906A5E900AB5733 /* Assets.xcassets */,
			);
			path = Resources;
			sourceTree = "<group>";
		};
		564C8ACD2906A69500AB5733 /* SupportingFiles */ = {
			isa = PBXGroup;
			children = (
				564C8AA52906A5E900AB5733 /* LaunchScreen.storyboard */,
				564C8A9A2906A5E800AB5733 /* AppDelegate.swift */,
				564C8A9C2906A5E800AB5733 /* SceneDelegate.swift */,
			);
			path = SupportingFiles;
			sourceTree = "<group>";
		};
/* End PBXGroup section */

/* Begin PBXNativeTarget section */
		564C8A962906A5E800AB5733 /* WorldOfPAYBACK */ = {
			isa = PBXNativeTarget;
			buildConfigurationList = 564C8AC12906A5E900AB5733 /* Build configuration list for PBXNativeTarget "WorldOfPAYBACK" */;
			buildPhases = (
				564C8A932906A5E800AB5733 /* Sources */,
				564C8A942906A5E800AB5733 /* Frameworks */,
				564C8A952906A5E800AB5733 /* Resources */,
			);
			buildRules = (
			);
			dependencies = (
			);
			name = WorldOfPAYBACK;
			productName = WorldOfPAYBACK;
			productReference = 564C8A972906A5E800AB5733 /* WorldOfPAYBACK.app */;
			productType = "com.apple.product-type.application";
		};
		564C8AAC2906A5E900AB5733 /* WorldOfPAYBACKTests */ = {
			isa = PBXNativeTarget;
			buildConfigurationList = 564C8AC42906A5E900AB5733 /* Build configuration list for PBXNativeTarget "WorldOfPAYBACKTests" */;
			buildPhases = (
				564C8AA92906A5E900AB5733 /* Sources */,
				564C8AAA2906A5E900AB5733 /* Frameworks */,
				564C8AAB2906A5E900AB5733 /* Resources */,
			);
			buildRules = (
			);
			dependencies = (
				564C8AAF2906A5E900AB5733 /* PBXTargetDependency */,
			);
			name = WorldOfPAYBACKTests;
			productName = WorldOfPAYBACKTests;
			productReference = 564C8AAD2906A5E900AB5733 /* WorldOfPAYBACKTests.xctest */;
			productType = "com.apple.product-type.bundle.unit-test";
		};
		564C8AB62906A5E900AB5733 /* WorldOfPAYBACKUITests */ = {
			isa = PBXNativeTarget;
			buildConfigurationList = 564C8AC72906A5E900AB5733 /* Build configuration list for PBXNativeTarget "WorldOfPAYBACKUITests" */;
			buildPhases = (
				564C8AB32906A5E900AB5733 /* Sources */,
				564C8AB42906A5E900AB5733 /* Frameworks */,
				564C8AB52906A5E900AB5733 /* Resources */,
			);
			buildRules = (
			);
			dependencies = (
				564C8AB92906A5E900AB5733 /* PBXTargetDependency */,
			);
			name = WorldOfPAYBACKUITests;
			productName = WorldOfPAYBACKUITests;
			productReference = 564C8AB72906A5E900AB5733 /* WorldOfPAYBACKUITests.xctest */;
			productType = "com.apple.product-type.bundle.ui-testing";
		};
/* End PBXNativeTarget section */

/* Begin PBXProject section */
		564C8A8F2906A5E800AB5733 /* Project object */ = {
			isa = PBXProject;
			attributes = {
				BuildIndependentTargetsInParallel = 1;
				LastSwiftUpdateCheck = 1320;
				LastUpgradeCheck = 1320;
				TargetAttributes = {
					564C8A962906A5E800AB5733 = {
						CreatedOnToolsVersion = 13.2.1;
					};
					564C8AAC2906A5E900AB5733 = {
						CreatedOnToolsVersion = 13.2.1;
						TestTargetID = 564C8A962906A5E800AB5733;
					};
					564C8AB62906A5E900AB5733 = {
						CreatedOnToolsVersion = 13.2.1;
						TestTargetID = 564C8A962906A5E800AB5733;
					};
				};
			};
			buildConfigurationList = 564C8A922906A5E800AB5733 /* Build configuration list for PBXProject "WorldOfPAYBACK" */;
			compatibilityVersion = "Xcode 13.0";
			developmentRegion = en;
			hasScannedForEncodings = 0;
			knownRegions = (
				en,
				Base,
			);
			mainGroup = 564C8A8E2906A5E800AB5733;
			productRefGroup = 564C8A982906A5E800AB5733 /* Products */;
			projectDirPath = "";
			projectRoot = "";
			targets = (
				564C8A962906A5E800AB5733 /* WorldOfPAYBACK */,
				564C8AAC2906A5E900AB5733 /* WorldOfPAYBACKTests */,
				564C8AB62906A5E900AB5733 /* WorldOfPAYBACKUITests */,
			);
		};
/* End PBXProject section */

/* Begin PBXResourcesBuildPhase section */
		564C8A952906A5E800AB5733 /* Resources */ = {
			isa = PBXResourcesBuildPhase;
			buildActionMask = 2147483647;
			files = (
				564C8AA72906A5E900AB5733 /* LaunchScreen.storyboard in Resources */,
				564C8AA42906A5E900AB5733 /* Assets.xcassets in Resources */,
				564C8AA22906A5E800AB5733 /* Main.storyboard in Resources */,
			);
			runOnlyForDeploymentPostprocessing = 0;
		};
		564C8AAB2906A5E900AB5733 /* Resources */ = {
			isa = PBXResourcesBuildPhase;
			buildActionMask = 2147483647;
			files = (
			);
			runOnlyForDeploymentPostprocessing = 0;
		};
		564C8AB52906A5E900AB5733 /* Resources */ = {
			isa = PBXResourcesBuildPhase;
			buildActionMask = 2147483647;
			files = (
			);
			runOnlyForDeploymentPostprocessing = 0;
		};
/* End PBXResourcesBuildPhase section */

/* Begin PBXSourcesBuildPhase section */
		564C8A932906A5E800AB5733 /* Sources */ = {
			isa = PBXSourcesBuildPhase;
			buildActionMask = 2147483647;
			files = (
				564C8ACF2906A6D800AB5733 /* NetworkHelper.swift in Sources */,
				564C8A9F2906A5E800AB5733 /* ViewController.swift in Sources */,
				564C8A9B2906A5E800AB5733 /* AppDelegate.swift in Sources */,
				564C8AD12906A82200AB5733 /* PBTransactions.swift in Sources */,
				564C8A9D2906A5E800AB5733 /* SceneDelegate.swift in Sources */,
			);
			runOnlyForDeploymentPostprocessing = 0;
		};
		564C8AA92906A5E900AB5733 /* Sources */ = {
			isa = PBXSourcesBuildPhase;
			buildActionMask = 2147483647;
			files = (
				564C8AB22906A5E900AB5733 /* WorldOfPAYBACKTests.swift in Sources */,
			);
			runOnlyForDeploymentPostprocessing = 0;
		};
		564C8AB32906A5E900AB5733 /* Sources */ = {
			isa = PBXSourcesBuildPhase;
			buildActionMask = 2147483647;
			files = (
				564C8ABE2906A5E900AB5733 /* WorldOfPAYBACKUITestsLaunchTests.swift in Sources */,
				564C8ABC2906A5E900AB5733 /* WorldOfPAYBACKUITests.swift in Sources */,
			);
			runOnlyForDeploymentPostprocessing = 0;
		};
/* End PBXSourcesBuildPhase section */

/* Begin PBXTargetDependency section */
		564C8AAF2906A5E900AB5733 /* PBXTargetDependency */ = {
			isa = PBXTargetDependency;
			target = 564C8A962906A5E800AB5733 /* WorldOfPAYBACK */;
			targetProxy = 564C8AAE2906A5E900AB5733 /* PBXContainerItemProxy */;
		};
		564C8AB92906A5E900AB5733 /* PBXTargetDependency */ = {
			isa = PBXTargetDependency;
			target = 564C8A962906A5E800AB5733 /* WorldOfPAYBACK */;
			targetProxy = 564C8AB82906A5E900AB5733 /* PBXContainerItemProxy */;
		};
/* End PBXTargetDependency section */

/* Begin PBXVariantGroup section */
		564C8AA02906A5E800AB5733 /* Main.storyboard */ = {
			isa = PBXVariantGroup;
			children = (
				564C8AA12906A5E800AB5733 /* Base */,
			);
			name = Main.storyboard;
			sourceTree = "<group>";
		};
		564C8AA52906A5E900AB5733 /* LaunchScreen.storyboard */ = {
			isa = PBXVariantGroup;
			children = (
				564C8AA62906A5E900AB5733 /* Base */,
			);
			name = LaunchScreen.storyboard;
			sourceTree = "<group>";
		};
/* End PBXVariantGroup section */

/* Begin XCBuildConfiguration section */
		564C8ABF2906A5E900AB5733 /* Debug */ = {
			isa = XCBuildConfiguration;
			buildSettings = {
				ALWAYS_SEARCH_USER_PATHS = NO;
				CLANG_ANALYZER_NONNULL = YES;
				CLANG_ANALYZER_NUMBER_OBJECT_CONVERSION = YES_AGGRESSIVE;
				CLANG_CXX_LANGUAGE_STANDARD = "gnu++17";
				CLANG_CXX_LIBRARY = "libc++";
				CLANG_ENABLE_MODULES = YES;
				CLANG_ENABLE_OBJC_ARC = YES;
				CLANG_ENABLE_OBJC_WEAK = YES;
				CLANG_WARN_BLOCK_CAPTURE_AUTORELEASING = YES;
				CLANG_WARN_BOOL_CONVERSION = YES;
				CLANG_WARN_COMMA = YES;
				CLANG_WARN_CONSTANT_CONVERSION = YES;
				CLANG_WARN_DEPRECATED_OBJC_IMPLEMENTATIONS = YES;
				CLANG_WARN_DIRECT_OBJC_ISA_USAGE = YES_ERROR;
				CLANG_WARN_DOCUMENTATION_COMMENTS = YES;
				CLANG_WARN_EMPTY_BODY = YES;
				CLANG_WARN_ENUM_CONVERSION = YES;
				CLANG_WARN_INFINITE_RECURSION = YES;
				CLANG_WARN_INT_CONVERSION = YES;
				CLANG_WARN_NON_LITERAL_NULL_CONVERSION = YES;
				CLANG_WARN_OBJC_IMPLICIT_RETAIN_SELF = YES;
				CLANG_WARN_OBJC_LITERAL_CONVERSION = YES;
				CLANG_WARN_OBJC_ROOT_CLASS = YES_ERROR;
				CLANG_WARN_QUOTED_INCLUDE_IN_FRAMEWORK_HEADER = YES;
				CLANG_WARN_RANGE_LOOP_ANALYSIS = YES;
				CLANG_WARN_STRICT_PROTOTYPES = YES;
				CLANG_WARN_SUSPICIOUS_MOVE = YES;
				CLANG_WARN_UNGUARDED_AVAILABILITY = YES_AGGRESSIVE;
				CLANG_WARN_UNREACHABLE_CODE = YES;
				CLANG_WARN__DUPLICATE_METHOD_MATCH = YES;
				COPY_PHASE_STRIP = NO;
				DEBUG_INFORMATION_FORMAT = dwarf;
				ENABLE_STRICT_OBJC_MSGSEND = YES;
				ENABLE_TESTABILITY = YES;
				GCC_C_LANGUAGE_STANDARD = gnu11;
				GCC_DYNAMIC_NO_PIC = NO;
				GCC_NO_COMMON_BLOCKS = YES;
				GCC_OPTIMIZATION_LEVEL = 0;
				GCC_PREPROCESSOR_DEFINITIONS = (
					"DEBUG=1",
					"$(inherited)",
				);
				GCC_WARN_64_TO_32_BIT_CONVERSION = YES;
				GCC_WARN_ABOUT_RETURN_TYPE = YES_ERROR;
				GCC_WARN_UNDECLARED_SELECTOR = YES;
				GCC_WARN_UNINITIALIZED_AUTOS = YES_AGGRESSIVE;
				GCC_WARN_UNUSED_FUNCTION = YES;
				GCC_WARN_UNUSED_VARIABLE = YES;
				IPHONEOS_DEPLOYMENT_TARGET = 15.2;
				MTL_ENABLE_DEBUG_INFO = INCLUDE_SOURCE;
				MTL_FAST_MATH = YES;
				ONLY_ACTIVE_ARCH = YES;
				SDKROOT = iphoneos;
				SWIFT_ACTIVE_COMPILATION_CONDITIONS = DEBUG;
				SWIFT_OPTIMIZATION_LEVEL = "-Onone";
			};
			name = Debug;
		};
		564C8AC02906A5E900AB5733 /* Release */ = {
			isa = XCBuildConfiguration;
			buildSettings = {
				ALWAYS_SEARCH_USER_PATHS = NO;
				CLANG_ANALYZER_NONNULL = YES;
				CLANG_ANALYZER_NUMBER_OBJECT_CONVERSION = YES_AGGRESSIVE;
				CLANG_CXX_LANGUAGE_STANDARD = "gnu++17";
				CLANG_CXX_LIBRARY = "libc++";
				CLANG_ENABLE_MODULES = YES;
				CLANG_ENABLE_OBJC_ARC = YES;
				CLANG_ENABLE_OBJC_WEAK = YES;
				CLANG_WARN_BLOCK_CAPTURE_AUTORELEASING = YES;
				CLANG_WARN_BOOL_CONVERSION = YES;
				CLANG_WARN_COMMA = YES;
				CLANG_WARN_CONSTANT_CONVERSION = YES;
				CLANG_WARN_DEPRECATED_OBJC_IMPLEMENTATIONS = YES;
				CLANG_WARN_DIRECT_OBJC_ISA_USAGE = YES_ERROR;
				CLANG_WARN_DOCUMENTATION_COMMENTS = YES;
				CLANG_WARN_EMPTY_BODY = YES;
				CLANG_WARN_ENUM_CONVERSION = YES;
				CLANG_WARN_INFINITE_RECURSION = YES;
				CLANG_WARN_INT_CONVERSION = YES;
				CLANG_WARN_NON_LITERAL_NULL_CONVERSION = YES;
				CLANG_WARN_OBJC_IMPLICIT_RETAIN_SELF = YES;
				CLANG_WARN_OBJC_LITERAL_CONVERSION = YES;
				CLANG_WARN_OBJC_ROOT_CLASS = YES_ERROR;
				CLANG_WARN_QUOTED_INCLUDE_IN_FRAMEWORK_HEADER = YES;
				CLANG_WARN_RANGE_LOOP_ANALYSIS = YES;
				CLANG_WARN_STRICT_PROTOTYPES = YES;
				CLANG_WARN_SUSPICIOUS_MOVE = YES;
				CLANG_WARN_UNGUARDED_AVAILABILITY = YES_AGGRESSIVE;
				CLANG_WARN_UNREACHABLE_CODE = YES;
				CLANG_WARN__DUPLICATE_METHOD_MATCH = YES;
				COPY_PHASE_STRIP = NO;
				DEBUG_INFORMATION_FORMAT = "dwarf-with-dsym";
				ENABLE_NS_ASSERTIONS = NO;
				ENABLE_STRICT_OBJC_MSGSEND = YES;
				GCC_C_LANGUAGE_STANDARD = gnu11;
				GCC_NO_COMMON_BLOCKS = YES;
				GCC_WARN_64_TO_32_BIT_CONVERSION = YES;
				GCC_WARN_ABOUT_RETURN_TYPE = YES_ERROR;
				GCC_WARN_UNDECLARED_SELECTOR = YES;
				GCC_WARN_UNINITIALIZED_AUTOS = YES_AGGRESSIVE;
				GCC_WARN_UNUSED_FUNCTION = YES;
				GCC_WARN_UNUSED_VARIABLE = YES;
				IPHONEOS_DEPLOYMENT_TARGET = 15.2;
				MTL_ENABLE_DEBUG_INFO = NO;
				MTL_FAST_MATH = YES;
				SDKROOT = iphoneos;
				SWIFT_COMPILATION_MODE = wholemodule;
				SWIFT_OPTIMIZATION_LEVEL = "-O";
				VALIDATE_PRODUCT = YES;
			};
			name = Release;
		};
		564C8AC22906A5E900AB5733 /* Debug */ = {
			isa = XCBuildConfiguration;
			buildSettings = {
				ASSETCATALOG_COMPILER_APPICON_NAME = AppIcon;
				ASSETCATALOG_COMPILER_GLOBAL_ACCENT_COLOR_NAME = AccentColor;
				CODE_SIGN_STYLE = Automatic;
				CURRENT_PROJECT_VERSION = 1;
				GENERATE_INFOPLIST_FILE = YES;
				INFOPLIST_FILE = WorldOfPAYBACK/Info.plist;
				INFOPLIST_KEY_UIApplicationSupportsIndirectInputEvents = YES;
				INFOPLIST_KEY_UILaunchStoryboardName = LaunchScreen;
				INFOPLIST_KEY_UIMainStoryboardFile = Main;
				INFOPLIST_KEY_UISupportedInterfaceOrientations_iPad = "UIInterfaceOrientationPortrait UIInterfaceOrientationPortraitUpsideDown UIInterfaceOrientationLandscapeLeft UIInterfaceOrientationLandscapeRight";
				INFOPLIST_KEY_UISupportedInterfaceOrientations_iPhone = "UIInterfaceOrientationPortrait UIInterfaceOrientationLandscapeLeft UIInterfaceOrientationLandscapeRight";
				LD_RUNPATH_SEARCH_PATHS = (
					"$(inherited)",
					"@executable_path/Frameworks",
				);
				MARKETING_VERSION = 1.0;
				PRODUCT_BUNDLE_IDENTIFIER = SamSolutions.WorldOfPAYBACK;
				PRODUCT_NAME = "$(TARGET_NAME)";
				SWIFT_EMIT_LOC_STRINGS = YES;
				SWIFT_VERSION = 5.0;
				TARGETED_DEVICE_FAMILY = "1,2";
			};
			name = Debug;
		};
		564C8AC32906A5E900AB5733 /* Release */ = {
			isa = XCBuildConfiguration;
			buildSettings = {
				ASSETCATALOG_COMPILER_APPICON_NAME = AppIcon;
				ASSETCATALOG_COMPILER_GLOBAL_ACCENT_COLOR_NAME = AccentColor;
				CODE_SIGN_STYLE = Automatic;
				CURRENT_PROJECT_VERSION = 1;
				GENERATE_INFOPLIST_FILE = YES;
				INFOPLIST_FILE = WorldOfPAYBACK/Info.plist;
				INFOPLIST_KEY_UIApplicationSupportsIndirectInputEvents = YES;
				INFOPLIST_KEY_UILaunchStoryboardName = LaunchScreen;
				INFOPLIST_KEY_UIMainStoryboardFile = Main;
				INFOPLIST_KEY_UISupportedInterfaceOrientations_iPad = "UIInterfaceOrientationPortrait UIInterfaceOrientationPortraitUpsideDown UIInterfaceOrientationLandscapeLeft UIInterfaceOrientationLandscapeRight";
				INFOPLIST_KEY_UISupportedInterfaceOrientations_iPhone = "UIInterfaceOrientationPortrait UIInterfaceOrientationLandscapeLeft UIInterfaceOrientationLandscapeRight";
				LD_RUNPATH_SEARCH_PATHS = (
					"$(inherited)",
					"@executable_path/Frameworks",
				);
				MARKETING_VERSION = 1.0;
				PRODUCT_BUNDLE_IDENTIFIER = SamSolutions.WorldOfPAYBACK;
				PRODUCT_NAME = "$(TARGET_NAME)";
				SWIFT_EMIT_LOC_STRINGS = YES;
				SWIFT_VERSION = 5.0;
				TARGETED_DEVICE_FAMILY = "1,2";
			};
			name = Release;
		};
		564C8AC52906A5E900AB5733 /* Debug */ = {
			isa = XCBuildConfiguration;
			buildSettings = {
				ALWAYS_EMBED_SWIFT_STANDARD_LIBRARIES = YES;
				BUNDLE_LOADER = "$(TEST_HOST)";
				CODE_SIGN_STYLE = Automatic;
				CURRENT_PROJECT_VERSION = 1;
				GENERATE_INFOPLIST_FILE = YES;
				IPHONEOS_DEPLOYMENT_TARGET = 15.2;
				MARKETING_VERSION = 1.0;
				PRODUCT_BUNDLE_IDENTIFIER = SamSolutions.WorldOfPAYBACKTests;
				PRODUCT_NAME = "$(TARGET_NAME)";
				SWIFT_EMIT_LOC_STRINGS = NO;
				SWIFT_VERSION = 5.0;
				TARGETED_DEVICE_FAMILY = "1,2";
				TEST_HOST = "$(BUILT_PRODUCTS_DIR)/WorldOfPAYBACK.app/WorldOfPAYBACK";
			};
			name = Debug;
		};
		564C8AC62906A5E900AB5733 /* Release */ = {
			isa = XCBuildConfiguration;
			buildSettings = {
				ALWAYS_EMBED_SWIFT_STANDARD_LIBRARIES = YES;
				BUNDLE_LOADER = "$(TEST_HOST)";
				CODE_SIGN_STYLE = Automatic;
				CURRENT_PROJECT_VERSION = 1;
				GENERATE_INFOPLIST_FILE = YES;
				IPHONEOS_DEPLOYMENT_TARGET = 15.2;
				MARKETING_VERSION = 1.0;
				PRODUCT_BUNDLE_IDENTIFIER = SamSolutions.WorldOfPAYBACKTests;
				PRODUCT_NAME = "$(TARGET_NAME)";
				SWIFT_EMIT_LOC_STRINGS = NO;
				SWIFT_VERSION = 5.0;
				TARGETED_DEVICE_FAMILY = "1,2";
				TEST_HOST = "$(BUILT_PRODUCTS_DIR)/WorldOfPAYBACK.app/WorldOfPAYBACK";
			};
			name = Release;
		};
		564C8AC82906A5E900AB5733 /* Debug */ = {
			isa = XCBuildConfiguration;
			buildSettings = {
				ALWAYS_EMBED_SWIFT_STANDARD_LIBRARIES = YES;
				CODE_SIGN_STYLE = Automatic;
				CURRENT_PROJECT_VERSION = 1;
				GENERATE_INFOPLIST_FILE = YES;
				MARKETING_VERSION = 1.0;
				PRODUCT_BUNDLE_IDENTIFIER = SamSolutions.WorldOfPAYBACKUITests;
				PRODUCT_NAME = "$(TARGET_NAME)";
				SWIFT_EMIT_LOC_STRINGS = NO;
				SWIFT_VERSION = 5.0;
				TARGETED_DEVICE_FAMILY = "1,2";
				TEST_TARGET_NAME = WorldOfPAYBACK;
			};
			name = Debug;
		};
		564C8AC92906A5E900AB5733 /* Release */ = {
			isa = XCBuildConfiguration;
			buildSettings = {
				ALWAYS_EMBED_SWIFT_STANDARD_LIBRARIES = YES;
				CODE_SIGN_STYLE = Automatic;
				CURRENT_PROJECT_VERSION = 1;
				GENERATE_INFOPLIST_FILE = YES;
				MARKETING_VERSION = 1.0;
				PRODUCT_BUNDLE_IDENTIFIER = SamSolutions.WorldOfPAYBACKUITests;
				PRODUCT_NAME = "$(TARGET_NAME)";
				SWIFT_EMIT_LOC_STRINGS = NO;
				SWIFT_VERSION = 5.0;
				TARGETED_DEVICE_FAMILY = "1,2";
				TEST_TARGET_NAME = WorldOfPAYBACK;
			};
			name = Release;
		};
/* End XCBuildConfiguration section */

/* Begin XCConfigurationList section */
		564C8A922906A5E800AB5733 /* Build configuration list for PBXProject "WorldOfPAYBACK" */ = {
			isa = XCConfigurationList;
			buildConfigurations = (
				564C8ABF2906A5E900AB5733 /* Debug */,
				564C8AC02906A5E900AB5733 /* Release */,
			);
			defaultConfigurationIsVisible = 0;
			defaultConfigurationName = Release;
		};
		564C8AC12906A5E900AB5733 /* Build configuration list for PBXNativeTarget "WorldOfPAYBACK" */ = {
			isa = XCConfigurationList;
			buildConfigurations = (
				564C8AC22906A5E900AB5733 /* Debug */,
				564C8AC32906A5E900AB5733 /* Release */,
			);
			defaultConfigurationIsVisible = 0;
			defaultConfigurationName = Release;
		};
		564C8AC42906A5E900AB5733 /* Build configuration list for PBXNativeTarget "WorldOfPAYBACKTests" */ = {
			isa = XCConfigurationList;
			buildConfigurations = (
				564C8AC52906A5E900AB5733 /* Debug */,
				564C8AC62906A5E900AB5733 /* Release */,
			);
			defaultConfigurationIsVisible = 0;
			defaultConfigurationName = Release;
		};
		564C8AC72906A5E900AB5733 /* Build configuration list for PBXNativeTarget "WorldOfPAYBACKUITests" */ = {
			isa = XCConfigurationList;
			buildConfigurations = (
				564C8AC82906A5E900AB5733 /* Debug */,
				564C8AC92906A5E900AB5733 /* Release */,
			);
			defaultConfigurationIsVisible = 0;
			defaultConfigurationName = Release;
		};
/* End XCConfigurationList section */
	};
	rootObject = 564C8A8F2906A5E800AB5733 /* Project object */;
}
